
Microsoft Visual Studio Solution File, Format Version 12.00
# Visual Studio Version 17
VisualStudioVersion = 17.2.32526.322
MinimumVisualStudioVersion = 10.0.40219.1
Project("{FAE04EC0-301F-11D3-BF4B-00C04F79EFBC}") = "Negocio", "Negocio\Negocio.csproj", "{46488FAC-97D8-4E93-B283-2A633461CEA1}"
EndProject
Global
	GlobalSection(SolutionConfigurationPlatforms) = preSolution
		Debug|Any CPU = Debug|Any CPU
		Release|Any CPU = Release|Any CPU
	EndGlobalSection
	GlobalSection(ProjectConfigurationPlatforms) = postSolution
		{46488FAC-97D8-4E93-B283-2A633461CEA1}.Debug|Any CPU.ActiveCfg = Debug|Any CPU
		{46488FAC-97D8-4E93-B283-2A633461CEA1}.Debug|Any CPU.Build.0 = Debug|Any CPU
		{46488FAC-97D8-4E93-B283-2A633461CEA1}.Release|Any CPU.ActiveCfg = Release|Any CPU
		{46488FAC-97D8-4E93-B283-2A633461CEA1}.Release|Any CPU.Build.0 = Release|Any CPU
	EndGlobalSection
	GlobalSection(SolutionProperties) = preSolution
		HideSolutionNode = FALSE
	EndGlobalSection
	GlobalSection(ExtensibilityGlobals) = postSolution
		SolutionGuid = {4A59B8A0-E77A-4AA9-B74D-2B377B0D2044}
	EndGlobalSection
EndGlobal
